// !$*UTF8*$!
{
	archiveVersion = 1;
	classes = {
	};
	objectVersion = 56;
	objects = {

/* Begin PBXBuildFile section */
		CE14A0662B09505A00311A43 /* countriesInfo.txt in Resources */ = {isa = PBXBuildFile; fileRef = CE14A0652B09505A00311A43 /* countriesInfo.txt */; };
		CEBB04BD2AE9B99800F116DC /* AppDelegate.swift in Sources */ = {isa = PBXBuildFile; fileRef = CEBB04BC2AE9B99800F116DC /* AppDelegate.swift */; };
		CEBB04BF2AE9B99800F116DC /* SceneDelegate.swift in Sources */ = {isa = PBXBuildFile; fileRef = CEBB04BE2AE9B99800F116DC /* SceneDelegate.swift */; };
		CEBB04C12AE9B99800F116DC /* ViewController.swift in Sources */ = {isa = PBXBuildFile; fileRef = CEBB04C02AE9B99800F116DC /* ViewController.swift */; };
		CEBB04C42AE9B99800F116DC /* Main.storyboard in Resources */ = {isa = PBXBuildFile; fileRef = CEBB04C22AE9B99800F116DC /* Main.storyboard */; };
		CEBB04C62AE9B99A00F116DC /* Assets.xcassets in Resources */ = {isa = PBXBuildFile; fileRef = CEBB04C52AE9B99A00F116DC /* Assets.xcassets */; };
		CEBB04C92AE9B99A00F116DC /* LaunchScreen.storyboard in Resources */ = {isa = PBXBuildFile; fileRef = CEBB04C72AE9B99A00F116DC /* LaunchScreen.storyboard */; };
		CEBB04D12AE9BAC200F116DC /* DetailTableViewController.swift in Sources */ = {isa = PBXBuildFile; fileRef = CEBB04D02AE9BAC200F116DC /* DetailTableViewController.swift */; };
		CEBB04D32AE9BAF400F116DC /* DetailViewController.swift in Sources */ = {isa = PBXBuildFile; fileRef = CEBB04D22AE9BAF400F116DC /* DetailViewController.swift */; };
		CEBB04D52AE9BC3A00F116DC /* Country.swift in Sources */ = {isa = PBXBuildFile; fileRef = CEBB04D42AE9BC3A00F116DC /* Country.swift */; };
/* End PBXBuildFile section */

/* Begin PBXFileReference section */
		CE14A0652B09505A00311A43 /* countriesInfo.txt */ = {isa = PBXFileReference; fileEncoding = 4; lastKnownFileType = text; path = countriesInfo.txt; sourceTree = "<group>"; };
		CEBB04B92AE9B99800F116DC /* Challenge13-15.app */ = {isa = PBXFileReference; explicitFileType = wrapper.application; includeInIndex = 0; path = "Challenge13-15.app"; sourceTree = BUILT_PRODUCTS_DIR; };
		CEBB04BC2AE9B99800F116DC /* AppDelegate.swift */ = {isa = PBXFileReference; lastKnownFileType = sourcecode.swift; path = AppDelegate.swift; sourceTree = "<group>"; };
		CEBB04BE2AE9B99800F116DC /* SceneDelegate.swift */ = {isa = PBXFileReference; lastKnownFileType = sourcecode.swift; path = SceneDelegate.swift; sourceTree = "<group>"; };
		CEBB04C02AE9B99800F116DC /* ViewController.swift */ = {isa = PBXFileReference; lastKnownFileType = sourcecode.swift; path = ViewController.swift; sourceTree = "<group>"; };
		CEBB04C32AE9B99800F116DC /* Base */ = {isa = PBXFileReference; lastKnownFileType = file.storyboard; name = Base; path = Base.lproj/Main.storyboard; sourceTree = "<group>"; };
		CEBB04C52AE9B99A00F116DC /* Assets.xcassets */ = {isa = PBXFileReference; lastKnownFileType = folder.assetcatalog; path = Assets.xcassets; sourceTree = "<group>"; };
		CEBB04C82AE9B99A00F116DC /* Base */ = {isa = PBXFileReference; lastKnownFileType = file.storyboard; name = Base; path = Base.lproj/LaunchScreen.storyboard; sourceTree = "<group>"; };
		CEBB04CA2AE9B99A00F116DC /* Info.plist */ = {isa = PBXFileReference; lastKnownFileType = text.plist.xml; path = Info.plist; sourceTree = "<group>"; };
		CEBB04D02AE9BAC200F116DC /* DetailTableViewController.swift */ = {isa = PBXFileReference; lastKnownFileType = sourcecode.swift; path = DetailTableViewController.swift; sourceTree = "<group>"; };
		CEBB04D22AE9BAF400F116DC /* DetailViewController.swift */ = {isa = PBXFileReference; lastKnownFileType = sourcecode.swift; path = DetailViewController.swift; sourceTree = "<group>"; };
		CEBB04D42AE9BC3A00F116DC /* Country.swift */ = {isa = PBXFileReference; lastKnownFileType = sourcecode.swift; path = Country.swift; sourceTree = "<group>"; };
/* End PBXFileReference section */

/* Begin PBXFrameworksBuildPhase section */
		CEBB04B62AE9B99800F116DC /* Frameworks */ = {
			isa = PBXFrameworksBuildPhase;
			buildActionMask = 2147483647;
			files = (
			);
			runOnlyForDeploymentPostprocessing = 0;
		};
/* End PBXFrameworksBuildPhase section */

/* Begin PBXGroup section */
		CEBB04B02AE9B99800F116DC = {
			isa = PBXGroup;
			children = (
				CEBB04BB2AE9B99800F116DC /* Challenge13-15 */,
				CEBB04BA2AE9B99800F116DC /* Products */,
			);
			sourceTree = "<group>";
		};
		CEBB04BA2AE9B99800F116DC /* Products */ = {
			isa = PBXGroup;
			children = (
				CEBB04B92AE9B99800F116DC /* Challenge13-15.app */,
			);
			name = Products;
			sourceTree = "<group>";
		};
		CEBB04BB2AE9B99800F116DC /* Challenge13-15 */ = {
			isa = PBXGroup;
			children = (
				CEBB04BC2AE9B99800F116DC /* AppDelegate.swift */,
				CEBB04BE2AE9B99800F116DC /* SceneDelegate.swift */,
				CEBB04C02AE9B99800F116DC /* ViewController.swift */,
				CEBB04D02AE9BAC200F116DC /* DetailTableViewController.swift */,
				CEBB04D22AE9BAF400F116DC /* DetailViewController.swift */,
				CEBB04D42AE9BC3A00F116DC /* Country.swift */,
				CEBB04C22AE9B99800F116DC /* Main.storyboard */,
				CEBB04C52AE9B99A00F116DC /* Assets.xcassets */,
				CEBB04C72AE9B99A00F116DC /* LaunchScreen.storyboard */,
				CEBB04CA2AE9B99A00F116DC /* Info.plist */,
				CE14A0652B09505A00311A43 /* countriesInfo.txt */,
			);
			path = "Challenge13-15";
			sourceTree = "<group>";
		};
/* End PBXGroup section */

/* Begin PBXNativeTarget section */
		CEBB04B82AE9B99800F116DC /* Challenge13-15 */ = {
			isa = PBXNativeTarget;
			buildConfigurationList = CEBB04CD2AE9B99A00F116DC /* Build configuration list for PBXNativeTarget "Challenge13-15" */;
			buildPhases = (
				CEBB04B52AE9B99800F116DC /* Sources */,
				CEBB04B62AE9B99800F116DC /* Frameworks */,
				CEBB04B72AE9B99800F116DC /* Resources */,
			);
			buildRules = (
			);
			dependencies = (
			);
			name = "Challenge13-15";
			productName = "Challenge13-15";
			productReference = CEBB04B92AE9B99800F116DC /* Challenge13-15.app */;
			productType = "com.apple.product-type.application";
		};
/* End PBXNativeTarget section */

/* Begin PBXProject section */
		CEBB04B12AE9B99800F116DC /* Project object */ = {
			isa = PBXProject;
			attributes = {
				BuildIndependentTargetsInParallel = 1;
				LastSwiftUpdateCheck = 1500;
				LastUpgradeCheck = 1500;
				TargetAttributes = {
					CEBB04B82AE9B99800F116DC = {
						CreatedOnToolsVersion = 15.0.1;
					};
				};
			};
			buildConfigurationList = CEBB04B42AE9B99800F116DC /* Build configuration list for PBXProject "Challenge13-15" */;
			compatibilityVersion = "Xcode 14.0";
			developmentRegion = en;
			hasScannedForEncodings = 0;
			knownRegions = (
				en,
				Base,
			);
			mainGroup = CEBB04B02AE9B99800F116DC;
			productRefGroup = CEBB04BA2AE9B99800F116DC /* Products */;
			projectDirPath = "";
			projectRoot = "";
			targets = (
				CEBB04B82AE9B99800F116DC /* Challenge13-15 */,
			);
		};
/* End PBXProject section */

/* Begin PBXResourcesBuildPhase section */
		CEBB04B72AE9B99800F116DC /* Resources */ = {
			isa = PBXResourcesBuildPhase;
			buildActionMask = 2147483647;
			files = (
				CEBB04C92AE9B99A00F116DC /* LaunchScreen.storyboard in Resources */,
				CEBB04C62AE9B99A00F116DC /* Assets.xcassets in Resources */,
				CEBB04C42AE9B99800F116DC /* Main.storyboard in Resources */,
				CE14A0662B09505A00311A43 /* countriesInfo.txt in Resources */,
			);
			runOnlyForDeploymentPostprocessing = 0;
		};
/* End PBXResourcesBuildPhase section */

/* Begin PBXSourcesBuildPhase section */
		CEBB04B52AE9B99800F116DC /* Sources */ = {
			isa = PBXSourcesBuildPhase;
			buildActionMask = 2147483647;
			files = (
				CEBB04D12AE9BAC200F116DC /* DetailTableViewController.swift in Sources */,
				CEBB04C12AE9B99800F116DC /* ViewController.swift in Sources */,
				CEBB04D32AE9BAF400F116DC /* DetailViewController.swift in Sources */,
				CEBB04BD2AE9B99800F116DC /* AppDelegate.swift in Sources */,
				CEBB04D52AE9BC3A00F116DC /* Country.swift in Sources */,
				CEBB04BF2AE9B99800F116DC /* SceneDelegate.swift in Sources */,
			);
			runOnlyForDeploymentPostprocessing = 0;
		};
/* End PBXSourcesBuildPhase section */

/* Begin PBXVariantGroup section */
		CEBB04C22AE9B99800F116DC /* Main.storyboard */ = {
			isa = PBXVariantGroup;
			children = (
				CEBB04C32AE9B99800F116DC /* Base */,
			);
			name = Main.storyboard;
			sourceTree = "<group>";
		};
		CEBB04C72AE9B99A00F116DC /* LaunchScreen.storyboard */ = {
			isa = PBXVariantGroup;
			children = (
				CEBB04C82AE9B99A00F116DC /* Base */,
			);
			name = LaunchScreen.storyboard;
			sourceTree = "<group>";
		};
/* End PBXVariantGroup section */

/* Begin XCBuildConfiguration section */
		CEBB04CB2AE9B99A00F116DC /* Debug */ = {
			isa = XCBuildConfiguration;
			buildSettings = {
				ALWAYS_SEARCH_USER_PATHS = NO;
				ASSETCATALOG_COMPILER_GENERATE_SWIFT_ASSET_SYMBOL_EXTENSIONS = YES;
				CLANG_ANALYZER_NONNULL = YES;
				CLANG_ANALYZER_NUMBER_OBJECT_CONVERSION = YES_AGGRESSIVE;
				CLANG_CXX_LANGUAGE_STANDARD = "gnu++20";
				CLANG_ENABLE_MODULES = YES;
				CLANG_ENABLE_OBJC_ARC = YES;
				CLANG_ENABLE_OBJC_WEAK = YES;
				CLANG_WARN_BLOCK_CAPTURE_AUTORELEASING = YES;
				CLANG_WARN_BOOL_CONVERSION = YES;
				CLANG_WARN_COMMA = YES;
				CLANG_WARN_CONSTANT_CONVERSION = YES;
				CLANG_WARN_DEPRECATED_OBJC_IMPLEMENTATIONS = YES;
				CLANG_WARN_DIRECT_OBJC_ISA_USAGE = YES_ERROR;
				CLANG_WARN_DOCUMENTATION_COMMENTS = YES;
				CLANG_WARN_EMPTY_BODY = YES;
				CLANG_WARN_ENUM_CONVERSION = YES;
				CLANG_WARN_INFINITE_RECURSION = YES;
				CLANG_WARN_INT_CONVERSION = YES;
				CLANG_WARN_NON_LITERAL_NULL_CONVERSION = YES;
				CLANG_WARN_OBJC_IMPLICIT_RETAIN_SELF = YES;
				CLANG_WARN_OBJC_LITERAL_CONVERSION = YES;
				CLANG_WARN_OBJC_ROOT_CLASS = YES_ERROR;
				CLANG_WARN_QUOTED_INCLUDE_IN_FRAMEWORK_HEADER = YES;
				CLANG_WARN_RANGE_LOOP_ANALYSIS = YES;
				CLANG_WARN_STRICT_PROTOTYPES = YES;
				CLANG_WARN_SUSPICIOUS_MOVE = YES;
				CLANG_WARN_UNGUARDED_AVAILABILITY = YES_AGGRESSIVE;
				CLANG_WARN_UNREACHABLE_CODE = YES;
				CLANG_WARN__DUPLICATE_METHOD_MATCH = YES;
				COPY_PHASE_STRIP = NO;
				DEBUG_INFORMATION_FORMAT = dwarf;
				ENABLE_STRICT_OBJC_MSGSEND = YES;
				ENABLE_TESTABILITY = YES;
				ENABLE_USER_SCRIPT_SANDBOXING = YES;
				GCC_C_LANGUAGE_STANDARD = gnu17;
				GCC_DYNAMIC_NO_PIC = NO;
				GCC_NO_COMMON_BLOCKS = YES;
				GCC_OPTIMIZATION_LEVEL = 0;
				GCC_PREPROCESSOR_DEFINITIONS = (
					"DEBUG=1",
					"$(inherited)",
				);
				GCC_WARN_64_TO_32_BIT_CONVERSION = YES;
				GCC_WARN_ABOUT_RETURN_TYPE = YES_ERROR;
				GCC_WARN_UNDECLARED_SELECTOR = YES;
				GCC_WARN_UNINITIALIZED_AUTOS = YES_AGGRESSIVE;
				GCC_WARN_UNUSED_FUNCTION = YES;
				GCC_WARN_UNUSED_VARIABLE = YES;
				IPHONEOS_DEPLOYMENT_TARGET = 17.0;
				LOCALIZATION_PREFERS_STRING_CATALOGS = YES;
				MTL_ENABLE_DEBUG_INFO = INCLUDE_SOURCE;
				MTL_FAST_MATH = YES;
				ONLY_ACTIVE_ARCH = YES;
				SDKROOT = iphoneos;
				SWIFT_ACTIVE_COMPILATION_CONDITIONS = "DEBUG $(inherited)";
				SWIFT_OPTIMIZATION_LEVEL = "-Onone";
			};
			name = Debug;
		};
		CEBB04CC2AE9B99A00F116DC /* Release */ = {
			isa = XCBuildConfiguration;
			buildSettings = {
				ALWAYS_SEARCH_USER_PATHS = NO;
				ASSETCATALOG_COMPILER_GENERATE_SWIFT_ASSET_SYMBOL_EXTENSIONS = YES;
				CLANG_ANALYZER_NONNULL = YES;
				CLANG_ANALYZER_NUMBER_OBJECT_CONVERSION = YES_AGGRESSIVE;
				CLANG_CXX_LANGUAGE_STANDARD = "gnu++20";
				CLANG_ENABLE_MODULES = YES;
				CLANG_ENABLE_OBJC_ARC = YES;
				CLANG_ENABLE_OBJC_WEAK = YES;
				CLANG_WARN_BLOCK_CAPTURE_AUTORELEASING = YES;
				CLANG_WARN_BOOL_CONVERSION = YES;
				CLANG_WARN_COMMA = YES;
				CLANG_WARN_CONSTANT_CONVERSION = YES;
				CLANG_WARN_DEPRECATED_OBJC_IMPLEMENTATIONS = YES;
				CLANG_WARN_DIRECT_OBJC_ISA_USAGE = YES_ERROR;
				CLANG_WARN_DOCUMENTATION_COMMENTS = YES;
				CLANG_WARN_EMPTY_BODY = YES;
				CLANG_WARN_ENUM_CONVERSION = YES;
				CLANG_WARN_INFINITE_RECURSION = YES;
				CLANG_WARN_INT_CONVERSION = YES;
				CLANG_WARN_NON_LITERAL_NULL_CONVERSION = YES;
				CLANG_WARN_OBJC_IMPLICIT_RETAIN_SELF = YES;
				CLANG_WARN_OBJC_LITERAL_CONVERSION = YES;
				CLANG_WARN_OBJC_ROOT_CLASS = YES_ERROR;
				CLANG_WARN_QUOTED_INCLUDE_IN_FRAMEWORK_HEADER = YES;
				CLANG_WARN_RANGE_LOOP_ANALYSIS = YES;
				CLANG_WARN_STRICT_PROTOTYPES = YES;
				CLANG_WARN_SUSPICIOUS_MOVE = YES;
				CLANG_WARN_UNGUARDED_AVAILABILITY = YES_AGGRESSIVE;
				CLANG_WARN_UNREACHABLE_CODE = YES;
				CLANG_WARN__DUPLICATE_METHOD_MATCH = YES;
				COPY_PHASE_STRIP = NO;
				DEBUG_INFORMATION_FORMAT = "dwarf-with-dsym";
				ENABLE_NS_ASSERTIONS = NO;
				ENABLE_STRICT_OBJC_MSGSEND = YES;
				ENABLE_USER_SCRIPT_SANDBOXING = YES;
				GCC_C_LANGUAGE_STANDARD = gnu17;
				GCC_NO_COMMON_BLOCKS = YES;
				GCC_WARN_64_TO_32_BIT_CONVERSION = YES;
				GCC_WARN_ABOUT_RETURN_TYPE = YES_ERROR;
				GCC_WARN_UNDECLARED_SELECTOR = YES;
				GCC_WARN_UNINITIALIZED_AUTOS = YES_AGGRESSIVE;
				GCC_WARN_UNUSED_FUNCTION = YES;
				GCC_WARN_UNUSED_VARIABLE = YES;
				IPHONEOS_DEPLOYMENT_TARGET = 17.0;
				LOCALIZATION_PREFERS_STRING_CATALOGS = YES;
				MTL_ENABLE_DEBUG_INFO = NO;
				MTL_FAST_MATH = YES;
				SDKROOT = iphoneos;
				SWIFT_COMPILATION_MODE = wholemodule;
				VALIDATE_PRODUCT = YES;
			};
			name = Release;
		};
		CEBB04CE2AE9B99A00F116DC /* Debug */ = {
			isa = XCBuildConfiguration;
			buildSettings = {
				ASSETCATALOG_COMPILER_APPICON_NAME = AppIcon;
				ASSETCATALOG_COMPILER_GLOBAL_ACCENT_COLOR_NAME = AccentColor;
				CODE_SIGN_STYLE = Automatic;
				CURRENT_PROJECT_VERSION = 1;
				DEVELOPMENT_TEAM = 3KLAPSG7T4;
				GENERATE_INFOPLIST_FILE = YES;
				INFOPLIST_FILE = "Challenge13-15/Info.plist";
				INFOPLIST_KEY_UIApplicationSupportsIndirectInputEvents = YES;
				INFOPLIST_KEY_UILaunchStoryboardName = LaunchScreen;
				INFOPLIST_KEY_UIMainStoryboardFile = Main;
				INFOPLIST_KEY_UISupportedInterfaceOrientations_iPad = "UIInterfaceOrientationPortrait UIInterfaceOrientationPortraitUpsideDown UIInterfaceOrientationLandscapeLeft UIInterfaceOrientationLandscapeRight";
				INFOPLIST_KEY_UISupportedInterfaceOrientations_iPhone = "UIInterfaceOrientationPortrait UIInterfaceOrientationLandscapeLeft UIInterfaceOrientationLandscapeRight";
				LD_RUNPATH_SEARCH_PATHS = (
					"$(inherited)",
					"@executable_path/Frameworks",
				);
				MARKETING_VERSION = 1.0;
				PRODUCT_BUNDLE_IDENTIFIER = "com.example.Challenge13-15";
				PRODUCT_NAME = "$(TARGET_NAME)";
				SWIFT_EMIT_LOC_STRINGS = YES;
				SWIFT_VERSION = 5.0;
				TARGETED_DEVICE_FAMILY = "1,2";
			};
			name = Debug;
		};
		CEBB04CF2AE9B99A00F116DC /* Release */ = {
			isa = XCBuildConfiguration;
			buildSettings = {
				ASSETCATALOG_COMPILER_APPICON_NAME = AppIcon;
				ASSETCATALOG_COMPILER_GLOBAL_ACCENT_COLOR_NAME = AccentColor;
				CODE_SIGN_STYLE = Automatic;
				CURRENT_PROJECT_VERSION = 1;
				DEVELOPMENT_TEAM = 3KLAPSG7T4;
				GENERATE_INFOPLIST_FILE = YES;
				INFOPLIST_FILE = "Challenge13-15/Info.plist";
				INFOPLIST_KEY_UIApplicationSupportsIndirectInputEvents = YES;
				INFOPLIST_KEY_UILaunchStoryboardName = LaunchScreen;
				INFOPLIST_KEY_UIMainStoryboardFile = Main;
				INFOPLIST_KEY_UISupportedInterfaceOrientations_iPad = "UIInterfaceOrientationPortrait UIInterfaceOrientationPortraitUpsideDown UIInterfaceOrientationLandscapeLeft UIInterfaceOrientationLandscapeRight";
				INFOPLIST_KEY_UISupportedInterfaceOrientations_iPhone = "UIInterfaceOrientationPortrait UIInterfaceOrientationLandscapeLeft UIInterfaceOrientationLandscapeRight";
				LD_RUNPATH_SEARCH_PATHS = (
					"$(inherited)",
					"@executable_path/Frameworks",
				);
				MARKETING_VERSION = 1.0;
				PRODUCT_BUNDLE_IDENTIFIER = "com.example.Challenge13-15";
				PRODUCT_NAME = "$(TARGET_NAME)";
				SWIFT_EMIT_LOC_STRINGS = YES;
				SWIFT_VERSION = 5.0;
				TARGETED_DEVICE_FAMILY = "1,2";
			};
			name = Release;
		};
/* End XCBuildConfiguration section */

/* Begin XCConfigurationList section */
		CEBB04B42AE9B99800F116DC /* Build configuration list for PBXProject "Challenge13-15" */ = {
			isa = XCConfigurationList;
			buildConfigurations = (
				CEBB04CB2AE9B99A00F116DC /* Debug */,
				CEBB04CC2AE9B99A00F116DC /* Release */,
			);
			defaultConfigurationIsVisible = 0;
			defaultConfigurationName = Release;
		};
		CEBB04CD2AE9B99A00F116DC /* Build configuration list for PBXNativeTarget "Challenge13-15" */ = {
			isa = XCConfigurationList;
			buildConfigurations = (
				CEBB04CE2AE9B99A00F116DC /* Debug */,
				CEBB04CF2AE9B99A00F116DC /* Release */,
			);
			defaultConfigurationIsVisible = 0;
			defaultConfigurationName = Release;
		};
/* End XCConfigurationList section */
	};
	rootObject = CEBB04B12AE9B99800F116DC /* Project object */;
}
